
Microsoft Visual Studio Solution File, Format Version 12.00
# Visual Studio Version 17
VisualStudioVersion = 17.0.32014.148
MinimumVisualStudioVersion = 10.0.40219.1
Project("{FAE04EC0-301F-11D3-BF4B-00C04F79EFBC}") = "DAL", "DAL\DAL.csproj", "{68342EF4-4AC5-462D-A87F-BF5C882EF373}"
EndProject
Project("{FAE04EC0-301F-11D3-BF4B-00C04F79EFBC}") = "BLL", "BLL\BLL.csproj", "{8F743BB1-9930-401F-A057-553FE7A01376}"
EndProject
Project("{FAE04EC0-301F-11D3-BF4B-00C04F79EFBC}") = "AppUI", "AppUI\AppUI.csproj", "{29982B06-26B2-4EBE-97D8-3A320DDE9E5F}"
EndProject
Global
	GlobalSection(SolutionConfigurationPlatforms) = preSolution
		Debug|Any CPU = Debug|Any CPU
		Release|Any CPU = Release|Any CPU
	EndGlobalSection
	GlobalSection(ProjectConfigurationPlatforms) = postSolution
		{68342EF4-4AC5-462D-A87F-BF5C882EF373}.Debug|Any CPU.ActiveCfg = Debug|Any CPU
		{68342EF4-4AC5-462D-A87F-BF5C882EF373}.Debug|Any CPU.Build.0 = Debug|Any CPU
		{68342EF4-4AC5-462D-A87F-BF5C882EF373}.Release|Any CPU.ActiveCfg = Release|Any CPU
		{68342EF4-4AC5-462D-A87F-BF5C882EF373}.Release|Any CPU.Build.0 = Release|Any CPU
		{8F743BB1-9930-401F-A057-553FE7A01376}.Debug|Any CPU.ActiveCfg = Debug|Any CPU
		{8F743BB1-9930-401F-A057-553FE7A01376}.Debug|Any CPU.Build.0 = Debug|Any CPU
		{8F743BB1-9930-401F-A057-553FE7A01376}.Release|Any CPU.ActiveCfg = Release|Any CPU
		{8F743BB1-9930-401F-A057-553FE7A01376}.Release|Any CPU.Build.0 = Release|Any CPU
		{29982B06-26B2-4EBE-97D8-3A320DDE9E5F}.Debug|Any CPU.ActiveCfg = Debug|Any CPU
		{29982B06-26B2-4EBE-97D8-3A320DDE9E5F}.Debug|Any CPU.Build.0 = Debug|Any CPU
		{29982B06-26B2-4EBE-97D8-3A320DDE9E5F}.Release|Any CPU.ActiveCfg = Release|Any CPU
		{29982B06-26B2-4EBE-97D8-3A320DDE9E5F}.Release|Any CPU.Build.0 = Release|Any CPU
	EndGlobalSection
	GlobalSection(SolutionProperties) = preSolution
		HideSolutionNode = FALSE
	EndGlobalSection
	GlobalSection(ExtensibilityGlobals) = postSolution
		SolutionGuid = {94A9E5AB-896B-4D17-A1AE-66A74F6A049C}
	EndGlobalSection
EndGlobal
